// !$*UTF8*$!
{
	archiveVersion = 1;
	classes = {
	};
	objectVersion = 56;
	objects = {

/* Begin PBXBuildFile section */
		352D26082A32CFF8009BCD2D /* AppDelegate.swift in Sources */ = {isa = PBXBuildFile; fileRef = 352D26072A32CFF8009BCD2D /* AppDelegate.swift */; };
		352D260A2A32CFF8009BCD2D /* SceneDelegate.swift in Sources */ = {isa = PBXBuildFile; fileRef = 352D26092A32CFF8009BCD2D /* SceneDelegate.swift */; };
		352D260F2A32CFF8009BCD2D /* Main.storyboard in Resources */ = {isa = PBXBuildFile; fileRef = 352D260D2A32CFF8009BCD2D /* Main.storyboard */; };
		352D26112A32CFF9009BCD2D /* Assets.xcassets in Resources */ = {isa = PBXBuildFile; fileRef = 352D26102A32CFF9009BCD2D /* Assets.xcassets */; };
		352D26142A32CFF9009BCD2D /* LaunchScreen.storyboard in Resources */ = {isa = PBXBuildFile; fileRef = 352D26122A32CFF9009BCD2D /* LaunchScreen.storyboard */; };
		352D261F2A32CFF9009BCD2D /* tolytta__Tests.swift in Sources */ = {isa = PBXBuildFile; fileRef = 352D261E2A32CFF9009BCD2D /* tolytta__Tests.swift */; };
		352D26292A32CFF9009BCD2D /* tolytta__UITests.swift in Sources */ = {isa = PBXBuildFile; fileRef = 352D26282A32CFF9009BCD2D /* tolytta__UITests.swift */; };
		352D262B2A32CFF9009BCD2D /* tolytta__UITestsLaunchTests.swift in Sources */ = {isa = PBXBuildFile; fileRef = 352D262A2A32CFF9009BCD2D /* tolytta__UITestsLaunchTests.swift */; };
		352D26382A32D103009BCD2D /* HomeViewController.swift in Sources */ = {isa = PBXBuildFile; fileRef = 352D26372A32D103009BCD2D /* HomeViewController.swift */; };
		352D263A2A32D3A5009BCD2D /* tweetDateModel.swift in Sources */ = {isa = PBXBuildFile; fileRef = 352D26392A32D3A5009BCD2D /* tweetDateModel.swift */; };
		352D263C2A32D7F8009BCD2D /* tweetDetailViewController.swift in Sources */ = {isa = PBXBuildFile; fileRef = 352D263B2A32D7F8009BCD2D /* tweetDetailViewController.swift */; };
/* End PBXBuildFile section */

/* Begin PBXContainerItemProxy section */
		352D261B2A32CFF9009BCD2D /* PBXContainerItemProxy */ = {
			isa = PBXContainerItemProxy;
			containerPortal = 352D25FC2A32CFF8009BCD2D /* Project object */;
			proxyType = 1;
			remoteGlobalIDString = 352D26032A32CFF8009BCD2D;
			remoteInfo = "tolytta--";
		};
		352D26252A32CFF9009BCD2D /* PBXContainerItemProxy */ = {
			isa = PBXContainerItemProxy;
			containerPortal = 352D25FC2A32CFF8009BCD2D /* Project object */;
			proxyType = 1;
			remoteGlobalIDString = 352D26032A32CFF8009BCD2D;
			remoteInfo = "tolytta--";
		};
/* End PBXContainerItemProxy section */

/* Begin PBXFileReference section */
		352D26042A32CFF8009BCD2D /* tolytta--.app */ = {isa = PBXFileReference; explicitFileType = wrapper.application; includeInIndex = 0; path = "tolytta--.app"; sourceTree = BUILT_PRODUCTS_DIR; };
		352D26072A32CFF8009BCD2D /* AppDelegate.swift */ = {isa = PBXFileReference; lastKnownFileType = sourcecode.swift; path = AppDelegate.swift; sourceTree = "<group>"; };
		352D26092A32CFF8009BCD2D /* SceneDelegate.swift */ = {isa = PBXFileReference; lastKnownFileType = sourcecode.swift; path = SceneDelegate.swift; sourceTree = "<group>"; };
		352D260E2A32CFF8009BCD2D /* Base */ = {isa = PBXFileReference; lastKnownFileType = file.storyboard; name = Base; path = Base.lproj/Main.storyboard; sourceTree = "<group>"; };
		352D26102A32CFF9009BCD2D /* Assets.xcassets */ = {isa = PBXFileReference; lastKnownFileType = folder.assetcatalog; path = Assets.xcassets; sourceTree = "<group>"; };
		352D26132A32CFF9009BCD2D /* Base */ = {isa = PBXFileReference; lastKnownFileType = file.storyboard; name = Base; path = Base.lproj/LaunchScreen.storyboard; sourceTree = "<group>"; };
		352D26152A32CFF9009BCD2D /* Info.plist */ = {isa = PBXFileReference; lastKnownFileType = text.plist.xml; path = Info.plist; sourceTree = "<group>"; };
		352D261A2A32CFF9009BCD2D /* tolytta--Tests.xctest */ = {isa = PBXFileReference; explicitFileType = wrapper.cfbundle; includeInIndex = 0; path = "tolytta--Tests.xctest"; sourceTree = BUILT_PRODUCTS_DIR; };
		352D261E2A32CFF9009BCD2D /* tolytta__Tests.swift */ = {isa = PBXFileReference; lastKnownFileType = sourcecode.swift; path = tolytta__Tests.swift; sourceTree = "<group>"; };
		352D26242A32CFF9009BCD2D /* tolytta--UITests.xctest */ = {isa = PBXFileReference; explicitFileType = wrapper.cfbundle; includeInIndex = 0; path = "tolytta--UITests.xctest"; sourceTree = BUILT_PRODUCTS_DIR; };
		352D26282A32CFF9009BCD2D /* tolytta__UITests.swift */ = {isa = PBXFileReference; lastKnownFileType = sourcecode.swift; path = tolytta__UITests.swift; sourceTree = "<group>"; };
		352D262A2A32CFF9009BCD2D /* tolytta__UITestsLaunchTests.swift */ = {isa = PBXFileReference; lastKnownFileType = sourcecode.swift; path = tolytta__UITestsLaunchTests.swift; sourceTree = "<group>"; };
		352D26372A32D103009BCD2D /* HomeViewController.swift */ = {isa = PBXFileReference; lastKnownFileType = sourcecode.swift; path = HomeViewController.swift; sourceTree = "<group>"; };
		352D26392A32D3A5009BCD2D /* tweetDateModel.swift */ = {isa = PBXFileReference; lastKnownFileType = sourcecode.swift; path = tweetDateModel.swift; sourceTree = "<group>"; };
		352D263B2A32D7F8009BCD2D /* tweetDetailViewController.swift */ = {isa = PBXFileReference; lastKnownFileType = sourcecode.swift; path = tweetDetailViewController.swift; sourceTree = "<group>"; };
/* End PBXFileReference section */

/* Begin PBXFrameworksBuildPhase section */
		352D26012A32CFF8009BCD2D /* Frameworks */ = {
			isa = PBXFrameworksBuildPhase;
			buildActionMask = 2147483647;
			files = (
			);
			runOnlyForDeploymentPostprocessing = 0;
		};
		352D26172A32CFF9009BCD2D /* Frameworks */ = {
			isa = PBXFrameworksBuildPhase;
			buildActionMask = 2147483647;
			files = (
			);
			runOnlyForDeploymentPostprocessing = 0;
		};
		352D26212A32CFF9009BCD2D /* Frameworks */ = {
			isa = PBXFrameworksBuildPhase;
			buildActionMask = 2147483647;
			files = (
			);
			runOnlyForDeploymentPostprocessing = 0;
		};
/* End PBXFrameworksBuildPhase section */

/* Begin PBXGroup section */
		352D25FB2A32CFF8009BCD2D = {
			isa = PBXGroup;
			children = (
				352D26062A32CFF8009BCD2D /* tolytta-- */,
				352D261D2A32CFF9009BCD2D /* tolytta--Tests */,
				352D26272A32CFF9009BCD2D /* tolytta--UITests */,
				352D26052A32CFF8009BCD2D /* Products */,
			);
			sourceTree = "<group>";
		};
		352D26052A32CFF8009BCD2D /* Products */ = {
			isa = PBXGroup;
			children = (
				352D26042A32CFF8009BCD2D /* tolytta--.app */,
				352D261A2A32CFF9009BCD2D /* tolytta--Tests.xctest */,
				352D26242A32CFF9009BCD2D /* tolytta--UITests.xctest */,
			);
			name = Products;
			sourceTree = "<group>";
		};
		352D26062A32CFF8009BCD2D /* tolytta-- */ = {
			isa = PBXGroup;
			children = (
				352D26072A32CFF8009BCD2D /* AppDelegate.swift */,
				352D26092A32CFF8009BCD2D /* SceneDelegate.swift */,
				352D260D2A32CFF8009BCD2D /* Main.storyboard */,
				352D26102A32CFF9009BCD2D /* Assets.xcassets */,
				352D26122A32CFF9009BCD2D /* LaunchScreen.storyboard */,
				352D26152A32CFF9009BCD2D /* Info.plist */,
				352D26372A32D103009BCD2D /* HomeViewController.swift */,
				352D26392A32D3A5009BCD2D /* tweetDateModel.swift */,
				352D263B2A32D7F8009BCD2D /* tweetDetailViewController.swift */,
			);
			path = "tolytta--";
			sourceTree = "<group>";
		};
		352D261D2A32CFF9009BCD2D /* tolytta--Tests */ = {
			isa = PBXGroup;
			children = (
				352D261E2A32CFF9009BCD2D /* tolytta__Tests.swift */,
			);
			path = "tolytta--Tests";
			sourceTree = "<group>";
		};
		352D26272A32CFF9009BCD2D /* tolytta--UITests */ = {
			isa = PBXGroup;
			children = (
				352D26282A32CFF9009BCD2D /* tolytta__UITests.swift */,
				352D262A2A32CFF9009BCD2D /* tolytta__UITestsLaunchTests.swift */,
			);
			path = "tolytta--UITests";
			sourceTree = "<group>";
		};
/* End PBXGroup section */

/* Begin PBXNativeTarget section */
		352D26032A32CFF8009BCD2D /* tolytta-- */ = {
			isa = PBXNativeTarget;
			buildConfigurationList = 352D262E2A32CFF9009BCD2D /* Build configuration list for PBXNativeTarget "tolytta--" */;
			buildPhases = (
				352D26002A32CFF8009BCD2D /* Sources */,
				352D26012A32CFF8009BCD2D /* Frameworks */,
				352D26022A32CFF8009BCD2D /* Resources */,
			);
			buildRules = (
			);
			dependencies = (
			);
			name = "tolytta--";
			productName = "tolytta--";
			productReference = 352D26042A32CFF8009BCD2D /* tolytta--.app */;
			productType = "com.apple.product-type.application";
		};
		352D26192A32CFF9009BCD2D /* tolytta--Tests */ = {
			isa = PBXNativeTarget;
			buildConfigurationList = 352D26312A32CFF9009BCD2D /* Build configuration list for PBXNativeTarget "tolytta--Tests" */;
			buildPhases = (
				352D26162A32CFF9009BCD2D /* Sources */,
				352D26172A32CFF9009BCD2D /* Frameworks */,
				352D26182A32CFF9009BCD2D /* Resources */,
			);
			buildRules = (
			);
			dependencies = (
				352D261C2A32CFF9009BCD2D /* PBXTargetDependency */,
			);
			name = "tolytta--Tests";
			productName = "tolytta--Tests";
			productReference = 352D261A2A32CFF9009BCD2D /* tolytta--Tests.xctest */;
			productType = "com.apple.product-type.bundle.unit-test";
		};
		352D26232A32CFF9009BCD2D /* tolytta--UITests */ = {
			isa = PBXNativeTarget;
			buildConfigurationList = 352D26342A32CFF9009BCD2D /* Build configuration list for PBXNativeTarget "tolytta--UITests" */;
			buildPhases = (
				352D26202A32CFF9009BCD2D /* Sources */,
				352D26212A32CFF9009BCD2D /* Frameworks */,
				352D26222A32CFF9009BCD2D /* Resources */,
			);
			buildRules = (
			);
			dependencies = (
				352D26262A32CFF9009BCD2D /* PBXTargetDependency */,
			);
			name = "tolytta--UITests";
			productName = "tolytta--UITests";
			productReference = 352D26242A32CFF9009BCD2D /* tolytta--UITests.xctest */;
			productType = "com.apple.product-type.bundle.ui-testing";
		};
/* End PBXNativeTarget section */

/* Begin PBXProject section */
		352D25FC2A32CFF8009BCD2D /* Project object */ = {
			isa = PBXProject;
			attributes = {
				BuildIndependentTargetsInParallel = 1;
				LastSwiftUpdateCheck = 1420;
				LastUpgradeCheck = 1420;
				TargetAttributes = {
					352D26032A32CFF8009BCD2D = {
						CreatedOnToolsVersion = 14.2;
					};
					352D26192A32CFF9009BCD2D = {
						CreatedOnToolsVersion = 14.2;
						TestTargetID = 352D26032A32CFF8009BCD2D;
					};
					352D26232A32CFF9009BCD2D = {
						CreatedOnToolsVersion = 14.2;
						TestTargetID = 352D26032A32CFF8009BCD2D;
					};
				};
			};
			buildConfigurationList = 352D25FF2A32CFF8009BCD2D /* Build configuration list for PBXProject "tolytta--" */;
			compatibilityVersion = "Xcode 14.0";
			developmentRegion = en;
			hasScannedForEncodings = 0;
			knownRegions = (
				en,
				Base,
			);
			mainGroup = 352D25FB2A32CFF8009BCD2D;
			productRefGroup = 352D26052A32CFF8009BCD2D /* Products */;
			projectDirPath = "";
			projectRoot = "";
			targets = (
				352D26032A32CFF8009BCD2D /* tolytta-- */,
				352D26192A32CFF9009BCD2D /* tolytta--Tests */,
				352D26232A32CFF9009BCD2D /* tolytta--UITests */,
			);
		};
/* End PBXProject section */

/* Begin PBXResourcesBuildPhase section */
		352D26022A32CFF8009BCD2D /* Resources */ = {
			isa = PBXResourcesBuildPhase;
			buildActionMask = 2147483647;
			files = (
				352D26142A32CFF9009BCD2D /* LaunchScreen.storyboard in Resources */,
				352D26112A32CFF9009BCD2D /* Assets.xcassets in Resources */,
				352D260F2A32CFF8009BCD2D /* Main.storyboard in Resources */,
			);
			runOnlyForDeploymentPostprocessing = 0;
		};
		352D26182A32CFF9009BCD2D /* Resources */ = {
			isa = PBXResourcesBuildPhase;
			buildActionMask = 2147483647;
			files = (
			);
			runOnlyForDeploymentPostprocessing = 0;
		};
		352D26222A32CFF9009BCD2D /* Resources */ = {
			isa = PBXResourcesBuildPhase;
			buildActionMask = 2147483647;
			files = (
			);
			runOnlyForDeploymentPostprocessing = 0;
		};
/* End PBXResourcesBuildPhase section */

/* Begin PBXSourcesBuildPhase section */
		352D26002A32CFF8009BCD2D /* Sources */ = {
			isa = PBXSourcesBuildPhase;
			buildActionMask = 2147483647;
			files = (
				352D26082A32CFF8009BCD2D /* AppDelegate.swift in Sources */,
				352D260A2A32CFF8009BCD2D /* SceneDelegate.swift in Sources */,
				352D263C2A32D7F8009BCD2D /* tweetDetailViewController.swift in Sources */,
				352D26382A32D103009BCD2D /* HomeViewController.swift in Sources */,
				352D263A2A32D3A5009BCD2D /* tweetDateModel.swift in Sources */,
			);
			runOnlyForDeploymentPostprocessing = 0;
		};
		352D26162A32CFF9009BCD2D /* Sources */ = {
			isa = PBXSourcesBuildPhase;
			buildActionMask = 2147483647;
			files = (
				352D261F2A32CFF9009BCD2D /* tolytta__Tests.swift in Sources */,
			);
			runOnlyForDeploymentPostprocessing = 0;
		};
		352D26202A32CFF9009BCD2D /* Sources */ = {
			isa = PBXSourcesBuildPhase;
			buildActionMask = 2147483647;
			files = (
				352D262B2A32CFF9009BCD2D /* tolytta__UITestsLaunchTests.swift in Sources */,
				352D26292A32CFF9009BCD2D /* tolytta__UITests.swift in Sources */,
			);
			runOnlyForDeploymentPostprocessing = 0;
		};
/* End PBXSourcesBuildPhase section */

/* Begin PBXTargetDependency section */
		352D261C2A32CFF9009BCD2D /* PBXTargetDependency */ = {
			isa = PBXTargetDependency;
			target = 352D26032A32CFF8009BCD2D /* tolytta-- */;
			targetProxy = 352D261B2A32CFF9009BCD2D /* PBXContainerItemProxy */;
		};
		352D26262A32CFF9009BCD2D /* PBXTargetDependency */ = {
			isa = PBXTargetDependency;
			target = 352D26032A32CFF8009BCD2D /* tolytta-- */;
			targetProxy = 352D26252A32CFF9009BCD2D /* PBXContainerItemProxy */;
		};
/* End PBXTargetDependency section */

/* Begin PBXVariantGroup section */
		352D260D2A32CFF8009BCD2D /* Main.storyboard */ = {
			isa = PBXVariantGroup;
			children = (
				352D260E2A32CFF8009BCD2D /* Base */,
			);
			name = Main.storyboard;
			sourceTree = "<group>";
		};
		352D26122A32CFF9009BCD2D /* LaunchScreen.storyboard */ = {
			isa = PBXVariantGroup;
			children = (
				352D26132A32CFF9009BCD2D /* Base */,
			);
			name = LaunchScreen.storyboard;
			sourceTree = "<group>";
		};
/* End PBXVariantGroup section */

/* Begin XCBuildConfiguration section */
		352D262C2A32CFF9009BCD2D /* Debug */ = {
			isa = XCBuildConfiguration;
			buildSettings = {
				ALWAYS_SEARCH_USER_PATHS = NO;
				CLANG_ANALYZER_NONNULL = YES;
				CLANG_ANALYZER_NUMBER_OBJECT_CONVERSION = YES_AGGRESSIVE;
				CLANG_CXX_LANGUAGE_STANDARD = "gnu++20";
				CLANG_ENABLE_MODULES = YES;
				CLANG_ENABLE_OBJC_ARC = YES;
				CLANG_ENABLE_OBJC_WEAK = YES;
				CLANG_WARN_BLOCK_CAPTURE_AUTORELEASING = YES;
				CLANG_WARN_BOOL_CONVERSION = YES;
				CLANG_WARN_COMMA = YES;
				CLANG_WARN_CONSTANT_CONVERSION = YES;
				CLANG_WARN_DEPRECATED_OBJC_IMPLEMENTATIONS = YES;
				CLANG_WARN_DIRECT_OBJC_ISA_USAGE = YES_ERROR;
				CLANG_WARN_DOCUMENTATION_COMMENTS = YES;
				CLANG_WARN_EMPTY_BODY = YES;
				CLANG_WARN_ENUM_CONVERSION = YES;
				CLANG_WARN_INFINITE_RECURSION = YES;
				CLANG_WARN_INT_CONVERSION = YES;
				CLANG_WARN_NON_LITERAL_NULL_CONVERSION = YES;
				CLANG_WARN_OBJC_IMPLICIT_RETAIN_SELF = YES;
				CLANG_WARN_OBJC_LITERAL_CONVERSION = YES;
				CLANG_WARN_OBJC_ROOT_CLASS = YES_ERROR;
				CLANG_WARN_QUOTED_INCLUDE_IN_FRAMEWORK_HEADER = YES;
				CLANG_WARN_RANGE_LOOP_ANALYSIS = YES;
				CLANG_WARN_STRICT_PROTOTYPES = YES;
				CLANG_WARN_SUSPICIOUS_MOVE = YES;
				CLANG_WARN_UNGUARDED_AVAILABILITY = YES_AGGRESSIVE;
				CLANG_WARN_UNREACHABLE_CODE = YES;
				CLANG_WARN__DUPLICATE_METHOD_MATCH = YES;
				COPY_PHASE_STRIP = NO;
				DEBUG_INFORMATION_FORMAT = dwarf;
				ENABLE_STRICT_OBJC_MSGSEND = YES;
				ENABLE_TESTABILITY = YES;
				GCC_C_LANGUAGE_STANDARD = gnu11;
				GCC_DYNAMIC_NO_PIC = NO;
				GCC_NO_COMMON_BLOCKS = YES;
				GCC_OPTIMIZATION_LEVEL = 0;
				GCC_PREPROCESSOR_DEFINITIONS = (
					"DEBUG=1",
					"$(inherited)",
				);
				GCC_WARN_64_TO_32_BIT_CONVERSION = YES;
				GCC_WARN_ABOUT_RETURN_TYPE = YES_ERROR;
				GCC_WARN_UNDECLARED_SELECTOR = YES;
				GCC_WARN_UNINITIALIZED_AUTOS = YES_AGGRESSIVE;
				GCC_WARN_UNUSED_FUNCTION = YES;
				GCC_WARN_UNUSED_VARIABLE = YES;
				IPHONEOS_DEPLOYMENT_TARGET = 16.2;
				MTL_ENABLE_DEBUG_INFO = INCLUDE_SOURCE;
				MTL_FAST_MATH = YES;
				ONLY_ACTIVE_ARCH = YES;
				SDKROOT = iphoneos;
				SWIFT_ACTIVE_COMPILATION_CONDITIONS = DEBUG;
				SWIFT_OPTIMIZATION_LEVEL = "-Onone";
			};
			name = Debug;
		};
		352D262D2A32CFF9009BCD2D /* Release */ = {
			isa = XCBuildConfiguration;
			buildSettings = {
				ALWAYS_SEARCH_USER_PATHS = NO;
				CLANG_ANALYZER_NONNULL = YES;
				CLANG_ANALYZER_NUMBER_OBJECT_CONVERSION = YES_AGGRESSIVE;
				CLANG_CXX_LANGUAGE_STANDARD = "gnu++20";
				CLANG_ENABLE_MODULES = YES;
				CLANG_ENABLE_OBJC_ARC = YES;
				CLANG_ENABLE_OBJC_WEAK = YES;
				CLANG_WARN_BLOCK_CAPTURE_AUTORELEASING = YES;
				CLANG_WARN_BOOL_CONVERSION = YES;
				CLANG_WARN_COMMA = YES;
				CLANG_WARN_CONSTANT_CONVERSION = YES;
				CLANG_WARN_DEPRECATED_OBJC_IMPLEMENTATIONS = YES;
				CLANG_WARN_DIRECT_OBJC_ISA_USAGE = YES_ERROR;
				CLANG_WARN_DOCUMENTATION_COMMENTS = YES;
				CLANG_WARN_EMPTY_BODY = YES;
				CLANG_WARN_ENUM_CONVERSION = YES;
				CLANG_WARN_INFINITE_RECURSION = YES;
				CLANG_WARN_INT_CONVERSION = YES;
				CLANG_WARN_NON_LITERAL_NULL_CONVERSION = YES;
				CLANG_WARN_OBJC_IMPLICIT_RETAIN_SELF = YES;
				CLANG_WARN_OBJC_LITERAL_CONVERSION = YES;
				CLANG_WARN_OBJC_ROOT_CLASS = YES_ERROR;
				CLANG_WARN_QUOTED_INCLUDE_IN_FRAMEWORK_HEADER = YES;
				CLANG_WARN_RANGE_LOOP_ANALYSIS = YES;
				CLANG_WARN_STRICT_PROTOTYPES = YES;
				CLANG_WARN_SUSPICIOUS_MOVE = YES;
				CLANG_WARN_UNGUARDED_AVAILABILITY = YES_AGGRESSIVE;
				CLANG_WARN_UNREACHABLE_CODE = YES;
				CLANG_WARN__DUPLICATE_METHOD_MATCH = YES;
				COPY_PHASE_STRIP = NO;
				DEBUG_INFORMATION_FORMAT = "dwarf-with-dsym";
				ENABLE_NS_ASSERTIONS = NO;
				ENABLE_STRICT_OBJC_MSGSEND = YES;
				GCC_C_LANGUAGE_STANDARD = gnu11;
				GCC_NO_COMMON_BLOCKS = YES;
				GCC_WARN_64_TO_32_BIT_CONVERSION = YES;
				GCC_WARN_ABOUT_RETURN_TYPE = YES_ERROR;
				GCC_WARN_UNDECLARED_SELECTOR = YES;
				GCC_WARN_UNINITIALIZED_AUTOS = YES_AGGRESSIVE;
				GCC_WARN_UNUSED_FUNCTION = YES;
				GCC_WARN_UNUSED_VARIABLE = YES;
				IPHONEOS_DEPLOYMENT_TARGET = 16.2;
				MTL_ENABLE_DEBUG_INFO = NO;
				MTL_FAST_MATH = YES;
				SDKROOT = iphoneos;
				SWIFT_COMPILATION_MODE = wholemodule;
				SWIFT_OPTIMIZATION_LEVEL = "-O";
				VALIDATE_PRODUCT = YES;
			};
			name = Release;
		};
		352D262F2A32CFF9009BCD2D /* Debug */ = {
			isa = XCBuildConfiguration;
			buildSettings = {
				ASSETCATALOG_COMPILER_APPICON_NAME = AppIcon;
				ASSETCATALOG_COMPILER_GLOBAL_ACCENT_COLOR_NAME = AccentColor;
				CODE_SIGN_STYLE = Automatic;
				CURRENT_PROJECT_VERSION = 1;
				GENERATE_INFOPLIST_FILE = YES;
				INFOPLIST_FILE = "tolytta--/Info.plist";
				INFOPLIST_KEY_UIApplicationSupportsIndirectInputEvents = YES;
				INFOPLIST_KEY_UILaunchStoryboardName = LaunchScreen;
				INFOPLIST_KEY_UIMainStoryboardFile = Main;
				INFOPLIST_KEY_UISupportedInterfaceOrientations_iPad = "UIInterfaceOrientationPortrait UIInterfaceOrientationPortraitUpsideDown UIInterfaceOrientationLandscapeLeft UIInterfaceOrientationLandscapeRight";
				INFOPLIST_KEY_UISupportedInterfaceOrientations_iPhone = "UIInterfaceOrientationPortrait UIInterfaceOrientationLandscapeLeft UIInterfaceOrientationLandscapeRight";
				LD_RUNPATH_SEARCH_PATHS = (
					"$(inherited)",
					"@executable_path/Frameworks",
				);
				MARKETING_VERSION = 1.0;
				PRODUCT_BUNDLE_IDENTIFIER = "com.gmail.tatsuya.om.tolytta--";
				PRODUCT_NAME = "$(TARGET_NAME)";
				SWIFT_EMIT_LOC_STRINGS = YES;
				SWIFT_VERSION = 5.0;
				TARGETED_DEVICE_FAMILY = "1,2";
			};
			name = Debug;
		};
		352D26302A32CFF9009BCD2D /* Release */ = {
			isa = XCBuildConfiguration;
			buildSettings = {
				ASSETCATALOG_COMPILER_APPICON_NAME = AppIcon;
				ASSETCATALOG_COMPILER_GLOBAL_ACCENT_COLOR_NAME = AccentColor;
				CODE_SIGN_STYLE = Automatic;
				CURRENT_PROJECT_VERSION = 1;
				GENERATE_INFOPLIST_FILE = YES;
				INFOPLIST_FILE = "tolytta--/Info.plist";
				INFOPLIST_KEY_UIApplicationSupportsIndirectInputEvents = YES;
				INFOPLIST_KEY_UILaunchStoryboardName = LaunchScreen;
				INFOPLIST_KEY_UIMainStoryboardFile = Main;
				INFOPLIST_KEY_UISupportedInterfaceOrientations_iPad = "UIInterfaceOrientationPortrait UIInterfaceOrientationPortraitUpsideDown UIInterfaceOrientationLandscapeLeft UIInterfaceOrientationLandscapeRight";
				INFOPLIST_KEY_UISupportedInterfaceOrientations_iPhone = "UIInterfaceOrientationPortrait UIInterfaceOrientationLandscapeLeft UIInterfaceOrientationLandscapeRight";
				LD_RUNPATH_SEARCH_PATHS = (
					"$(inherited)",
					"@executable_path/Frameworks",
				);
				MARKETING_VERSION = 1.0;
				PRODUCT_BUNDLE_IDENTIFIER = "com.gmail.tatsuya.om.tolytta--";
				PRODUCT_NAME = "$(TARGET_NAME)";
				SWIFT_EMIT_LOC_STRINGS = YES;
				SWIFT_VERSION = 5.0;
				TARGETED_DEVICE_FAMILY = "1,2";
			};
			name = Release;
		};
		352D26322A32CFF9009BCD2D /* Debug */ = {
			isa = XCBuildConfiguration;
			buildSettings = {
				ALWAYS_EMBED_SWIFT_STANDARD_LIBRARIES = YES;
				BUNDLE_LOADER = "$(TEST_HOST)";
				CODE_SIGN_STYLE = Automatic;
				CURRENT_PROJECT_VERSION = 1;
				GENERATE_INFOPLIST_FILE = YES;
				IPHONEOS_DEPLOYMENT_TARGET = 16.2;
				MARKETING_VERSION = 1.0;
				PRODUCT_BUNDLE_IDENTIFIER = "com.gmail.tatsuya.om.tolytta--Tests";
				PRODUCT_NAME = "$(TARGET_NAME)";
				SWIFT_EMIT_LOC_STRINGS = NO;
				SWIFT_VERSION = 5.0;
				TARGETED_DEVICE_FAMILY = "1,2";
				TEST_HOST = "$(BUILT_PRODUCTS_DIR)/tolytta--.app/$(BUNDLE_EXECUTABLE_FOLDER_PATH)/tolytta--";
			};
			name = Debug;
		};
		352D26332A32CFF9009BCD2D /* Release */ = {
			isa = XCBuildConfiguration;
			buildSettings = {
				ALWAYS_EMBED_SWIFT_STANDARD_LIBRARIES = YES;
				BUNDLE_LOADER = "$(TEST_HOST)";
				CODE_SIGN_STYLE = Automatic;
				CURRENT_PROJECT_VERSION = 1;
				GENERATE_INFOPLIST_FILE = YES;
				IPHONEOS_DEPLOYMENT_TARGET = 16.2;
				MARKETING_VERSION = 1.0;
				PRODUCT_BUNDLE_IDENTIFIER = "com.gmail.tatsuya.om.tolytta--Tests";
				PRODUCT_NAME = "$(TARGET_NAME)";
				SWIFT_EMIT_LOC_STRINGS = NO;
				SWIFT_VERSION = 5.0;
				TARGETED_DEVICE_FAMILY = "1,2";
				TEST_HOST = "$(BUILT_PRODUCTS_DIR)/tolytta--.app/$(BUNDLE_EXECUTABLE_FOLDER_PATH)/tolytta--";
			};
			name = Release;
		};
		352D26352A32CFF9009BCD2D /* Debug */ = {
			isa = XCBuildConfiguration;
			buildSettings = {
				ALWAYS_EMBED_SWIFT_STANDARD_LIBRARIES = YES;
				CODE_SIGN_STYLE = Automatic;
				CURRENT_PROJECT_VERSION = 1;
				GENERATE_INFOPLIST_FILE = YES;
				MARKETING_VERSION = 1.0;
				PRODUCT_BUNDLE_IDENTIFIER = "com.gmail.tatsuya.om.tolytta--UITests";
				PRODUCT_NAME = "$(TARGET_NAME)";
				SWIFT_EMIT_LOC_STRINGS = NO;
				SWIFT_VERSION = 5.0;
				TARGETED_DEVICE_FAMILY = "1,2";
				TEST_TARGET_NAME = "tolytta--";
			};
			name = Debug;
		};
		352D26362A32CFF9009BCD2D /* Release */ = {
			isa = XCBuildConfiguration;
			buildSettings = {
				ALWAYS_EMBED_SWIFT_STANDARD_LIBRARIES = YES;
				CODE_SIGN_STYLE = Automatic;
				CURRENT_PROJECT_VERSION = 1;
				GENERATE_INFOPLIST_FILE = YES;
				MARKETING_VERSION = 1.0;
				PRODUCT_BUNDLE_IDENTIFIER = "com.gmail.tatsuya.om.tolytta--UITests";
				PRODUCT_NAME = "$(TARGET_NAME)";
				SWIFT_EMIT_LOC_STRINGS = NO;
				SWIFT_VERSION = 5.0;
				TARGETED_DEVICE_FAMILY = "1,2";
				TEST_TARGET_NAME = "tolytta--";
			};
			name = Release;
		};
/* End XCBuildConfiguration section */

/* Begin XCConfigurationList section */
		352D25FF2A32CFF8009BCD2D /* Build configuration list for PBXProject "tolytta--" */ = {
			isa = XCConfigurationList;
			buildConfigurations = (
				352D262C2A32CFF9009BCD2D /* Debug */,
				352D262D2A32CFF9009BCD2D /* Release */,
			);
			defaultConfigurationIsVisible = 0;
			defaultConfigurationName = Release;
		};
		352D262E2A32CFF9009BCD2D /* Build configuration list for PBXNativeTarget "tolytta--" */ = {
			isa = XCConfigurationList;
			buildConfigurations = (
				352D262F2A32CFF9009BCD2D /* Debug */,
				352D26302A32CFF9009BCD2D /* Release */,
			);
			defaultConfigurationIsVisible = 0;
			defaultConfigurationName = Release;
		};
		352D26312A32CFF9009BCD2D /* Build configuration list for PBXNativeTarget "tolytta--Tests" */ = {
			isa = XCConfigurationList;
			buildConfigurations = (
				352D26322A32CFF9009BCD2D /* Debug */,
				352D26332A32CFF9009BCD2D /* Release */,
			);
			defaultConfigurationIsVisible = 0;
			defaultConfigurationName = Release;
		};
		352D26342A32CFF9009BCD2D /* Build configuration list for PBXNativeTarget "tolytta--UITests" */ = {
			isa = XCConfigurationList;
			buildConfigurations = (
				352D26352A32CFF9009BCD2D /* Debug */,
				352D26362A32CFF9009BCD2D /* Release */,
			);
			defaultConfigurationIsVisible = 0;
			defaultConfigurationName = Release;
		};
/* End XCConfigurationList section */
	};
	rootObject = 352D25FC2A32CFF8009BCD2D /* Project object */;
}
